
Microsoft Visual Studio Solution File, Format Version 12.00
# Visual Studio Version 16
VisualStudioVersion = 16.0.31410.357
MinimumVisualStudioVersion = 10.0.40219.1
Project("{9A19103F-16F7-4668-BE54-9A1E7A4F7556}") = "Ax.Fw", "Ax.Fw\Ax.Fw.csproj", "{2AE663FC-71E3-43C3-B8FF-4A6D1C4ECC5B}"
EndProject
Project("{9A19103F-16F7-4668-BE54-9A1E7A4F7556}") = "Ax.Fw.Windows", "Ax.Fw.Windows\Ax.Fw.Windows.csproj", "{F6FEE0E5-9C58-4519-8AEE-A33325546EAD}"
EndProject
Project("{9A19103F-16F7-4668-BE54-9A1E7A4F7556}") = "Ax.Fw.Windows.GUI", "Ax.Fw.Windows.GUI\Ax.Fw.Windows.GUI.csproj", "{41DB4A09-A472-4544-8AB7-0975FD78A0DC}"
EndProject
Project("{FAE04EC0-301F-11D3-BF4B-00C04F79EFBC}") = "Ax.Fw.Tests", "Ax.Fw.Tests\Ax.Fw.Tests.csproj", "{5ED8B326-DC10-4C03-A083-52622CD2020E}"
EndProject
Global
	GlobalSection(SolutionConfigurationPlatforms) = preSolution
		Debug|Any CPU = Debug|Any CPU
		Release|Any CPU = Release|Any CPU
	EndGlobalSection
	GlobalSection(ProjectConfigurationPlatforms) = postSolution
		{2AE663FC-71E3-43C3-B8FF-4A6D1C4ECC5B}.Debug|Any CPU.ActiveCfg = Debug|Any CPU
		{2AE663FC-71E3-43C3-B8FF-4A6D1C4ECC5B}.Debug|Any CPU.Build.0 = Debug|Any CPU
		{2AE663FC-71E3-43C3-B8FF-4A6D1C4ECC5B}.Release|Any CPU.ActiveCfg = Release|Any CPU
		{2AE663FC-71E3-43C3-B8FF-4A6D1C4ECC5B}.Release|Any CPU.Build.0 = Release|Any CPU
		{F6FEE0E5-9C58-4519-8AEE-A33325546EAD}.Debug|Any CPU.ActiveCfg = Debug|Any CPU
		{F6FEE0E5-9C58-4519-8AEE-A33325546EAD}.Debug|Any CPU.Build.0 = Debug|Any CPU
		{F6FEE0E5-9C58-4519-8AEE-A33325546EAD}.Release|Any CPU.ActiveCfg = Release|Any CPU
		{F6FEE0E5-9C58-4519-8AEE-A33325546EAD}.Release|Any CPU.Build.0 = Release|Any CPU
		{41DB4A09-A472-4544-8AB7-0975FD78A0DC}.Debug|Any CPU.ActiveCfg = Debug|Any CPU
		{41DB4A09-A472-4544-8AB7-0975FD78A0DC}.Debug|Any CPU.Build.0 = Debug|Any CPU
		{41DB4A09-A472-4544-8AB7-0975FD78A0DC}.Release|Any CPU.ActiveCfg = Release|Any CPU
		{41DB4A09-A472-4544-8AB7-0975FD78A0DC}.Release|Any CPU.Build.0 = Release|Any CPU
		{5ED8B326-DC10-4C03-A083-52622CD2020E}.Debug|Any CPU.ActiveCfg = Debug|Any CPU
		{5ED8B326-DC10-4C03-A083-52622CD2020E}.Debug|Any CPU.Build.0 = Debug|Any CPU
		{5ED8B326-DC10-4C03-A083-52622CD2020E}.Release|Any CPU.ActiveCfg = Release|Any CPU
		{5ED8B326-DC10-4C03-A083-52622CD2020E}.Release|Any CPU.Build.0 = Release|Any CPU
	EndGlobalSection
	GlobalSection(SolutionProperties) = preSolution
		HideSolutionNode = FALSE
	EndGlobalSection
	GlobalSection(ExtensibilityGlobals) = postSolution
		SolutionGuid = {F4084A16-E411-4FE2-99AA-DA81AB9CF9C0}
	EndGlobalSection
EndGlobal
