
Microsoft Visual Studio Solution File, Format Version 12.00
# Visual Studio Version 17
VisualStudioVersion = 17.0.32112.339
MinimumVisualStudioVersion = 10.0.40219.1
Project("{9A19103F-16F7-4668-BE54-9A1E7A4F7556}") = "Ax.Fw", "Ax.Fw\Ax.Fw.csproj", "{2AE663FC-71E3-43C3-B8FF-4A6D1C4ECC5B}"
EndProject
Project("{9A19103F-16F7-4668-BE54-9A1E7A4F7556}") = "Ax.Fw.Windows", "Ax.Fw.Windows\Ax.Fw.Windows.csproj", "{F6FEE0E5-9C58-4519-8AEE-A33325546EAD}"
EndProject
Project("{9A19103F-16F7-4668-BE54-9A1E7A4F7556}") = "Ax.Fw.Tests", "Ax.Fw.Tests\Ax.Fw.Tests.csproj", "{5ED8B326-DC10-4C03-A083-52622CD2020E}"
EndProject
Project("{9A19103F-16F7-4668-BE54-9A1E7A4F7556}") = "Ax.Fw.TcpBus", "Ax.Fw.TcpBus\Ax.Fw.TcpBus.csproj", "{68B657DF-BFF3-4E5F-A501-C4C605A75F38}"
EndProject
Project("{9A19103F-16F7-4668-BE54-9A1E7A4F7556}") = "Ax.Fw.TcpBus.Tests", "Ax.Fw.TcpBus.Tests\Ax.Fw.TcpBus.Tests.csproj", "{022D4531-CC1C-41DD-A41E-2D27B63BE24C}"
EndProject
Project("{9A19103F-16F7-4668-BE54-9A1E7A4F7556}") = "Ax.Fw.SharedTypes", "Ax.Fw.Interfaces\Ax.Fw.SharedTypes.csproj", "{2B0DB987-F80F-406F-8EA9-B4FF06651D66}"
EndProject
Project("{2150E333-8FDC-42A3-9474-1A3956D46DE8}") = "Solution Items", "Solution Items", "{E4AF9821-3890-442A-987C-593DFE14442F}"
	ProjectSection(SolutionItems) = preProject
		.editorconfig = .editorconfig
	EndProjectSection
EndProject
Project("{9A19103F-16F7-4668-BE54-9A1E7A4F7556}") = "Ax.Fw.MetroFramework", "Ax.Fw.MetroFramework\Ax.Fw.MetroFramework.csproj", "{1C137AB9-E926-422F-8C04-4D6095041AD9}"
EndProject
Project("{FAE04EC0-301F-11D3-BF4B-00C04F79EFBC}") = "Ax.Fw.MetroFramework.Sandbox", "Ax.Fw.MetroFramework.Sandbox\Ax.Fw.MetroFramework.Sandbox.csproj", "{CA260428-3614-4A06-8065-9B7108A0D4F1}"
EndProject
Global
	GlobalSection(SolutionConfigurationPlatforms) = preSolution
		Debug|Any CPU = Debug|Any CPU
		Release|Any CPU = Release|Any CPU
	EndGlobalSection
	GlobalSection(ProjectConfigurationPlatforms) = postSolution
		{2AE663FC-71E3-43C3-B8FF-4A6D1C4ECC5B}.Debug|Any CPU.ActiveCfg = Debug|Any CPU
		{2AE663FC-71E3-43C3-B8FF-4A6D1C4ECC5B}.Debug|Any CPU.Build.0 = Debug|Any CPU
		{2AE663FC-71E3-43C3-B8FF-4A6D1C4ECC5B}.Release|Any CPU.ActiveCfg = Release|Any CPU
		{2AE663FC-71E3-43C3-B8FF-4A6D1C4ECC5B}.Release|Any CPU.Build.0 = Release|Any CPU
		{F6FEE0E5-9C58-4519-8AEE-A33325546EAD}.Debug|Any CPU.ActiveCfg = Debug|Any CPU
		{F6FEE0E5-9C58-4519-8AEE-A33325546EAD}.Debug|Any CPU.Build.0 = Debug|Any CPU
		{F6FEE0E5-9C58-4519-8AEE-A33325546EAD}.Release|Any CPU.ActiveCfg = Release|Any CPU
		{F6FEE0E5-9C58-4519-8AEE-A33325546EAD}.Release|Any CPU.Build.0 = Release|Any CPU
		{5ED8B326-DC10-4C03-A083-52622CD2020E}.Debug|Any CPU.ActiveCfg = Debug|Any CPU
		{5ED8B326-DC10-4C03-A083-52622CD2020E}.Debug|Any CPU.Build.0 = Debug|Any CPU
		{5ED8B326-DC10-4C03-A083-52622CD2020E}.Release|Any CPU.ActiveCfg = Release|Any CPU
		{5ED8B326-DC10-4C03-A083-52622CD2020E}.Release|Any CPU.Build.0 = Release|Any CPU
		{68B657DF-BFF3-4E5F-A501-C4C605A75F38}.Debug|Any CPU.ActiveCfg = Debug|Any CPU
		{68B657DF-BFF3-4E5F-A501-C4C605A75F38}.Debug|Any CPU.Build.0 = Debug|Any CPU
		{68B657DF-BFF3-4E5F-A501-C4C605A75F38}.Release|Any CPU.ActiveCfg = Release|Any CPU
		{68B657DF-BFF3-4E5F-A501-C4C605A75F38}.Release|Any CPU.Build.0 = Release|Any CPU
		{022D4531-CC1C-41DD-A41E-2D27B63BE24C}.Debug|Any CPU.ActiveCfg = Debug|Any CPU
		{022D4531-CC1C-41DD-A41E-2D27B63BE24C}.Debug|Any CPU.Build.0 = Debug|Any CPU
		{022D4531-CC1C-41DD-A41E-2D27B63BE24C}.Release|Any CPU.ActiveCfg = Release|Any CPU
		{022D4531-CC1C-41DD-A41E-2D27B63BE24C}.Release|Any CPU.Build.0 = Release|Any CPU
		{2B0DB987-F80F-406F-8EA9-B4FF06651D66}.Debug|Any CPU.ActiveCfg = Debug|Any CPU
		{2B0DB987-F80F-406F-8EA9-B4FF06651D66}.Debug|Any CPU.Build.0 = Debug|Any CPU
		{2B0DB987-F80F-406F-8EA9-B4FF06651D66}.Release|Any CPU.ActiveCfg = Release|Any CPU
		{2B0DB987-F80F-406F-8EA9-B4FF06651D66}.Release|Any CPU.Build.0 = Release|Any CPU
		{1C137AB9-E926-422F-8C04-4D6095041AD9}.Debug|Any CPU.ActiveCfg = Debug|Any CPU
		{1C137AB9-E926-422F-8C04-4D6095041AD9}.Debug|Any CPU.Build.0 = Debug|Any CPU
		{1C137AB9-E926-422F-8C04-4D6095041AD9}.Release|Any CPU.ActiveCfg = Release|Any CPU
		{1C137AB9-E926-422F-8C04-4D6095041AD9}.Release|Any CPU.Build.0 = Release|Any CPU
		{CA260428-3614-4A06-8065-9B7108A0D4F1}.Debug|Any CPU.ActiveCfg = Debug|Any CPU
		{CA260428-3614-4A06-8065-9B7108A0D4F1}.Debug|Any CPU.Build.0 = Debug|Any CPU
		{CA260428-3614-4A06-8065-9B7108A0D4F1}.Release|Any CPU.ActiveCfg = Release|Any CPU
		{CA260428-3614-4A06-8065-9B7108A0D4F1}.Release|Any CPU.Build.0 = Release|Any CPU
	EndGlobalSection
	GlobalSection(SolutionProperties) = preSolution
		HideSolutionNode = FALSE
	EndGlobalSection
	GlobalSection(ExtensibilityGlobals) = postSolution
		SolutionGuid = {F4084A16-E411-4FE2-99AA-DA81AB9CF9C0}
	EndGlobalSection
EndGlobal
